Microsoft Visual Studio Solution File, Format Version 11.00
# Visual Studio 2008

Project("{133BC593-EA5E-9959-F7A5-DF25AC7D2008}") = "games_design_2", "Assembly-CSharp.csproj", "{B44689AC-66F1-BE15-2F8B-CB722E301827}"
EndProject
Global
	GlobalSection(SolutionConfigurationPlatforms) = preSolution
		Debug|Any CPU = Debug|Any CPU
		Release|Any CPU = Release|Any CPU
	EndGlobalSection
	GlobalSection(ProjectConfigurationPlatforms) = postSolution
		{B44689AC-66F1-BE15-2F8B-CB722E301827}.Debug|Any CPU.ActiveCfg = Debug|Any CPU
		{B44689AC-66F1-BE15-2F8B-CB722E301827}.Debug|Any CPU.Build.0 = Debug|Any CPU
		{B44689AC-66F1-BE15-2F8B-CB722E301827}.Release|Any CPU.ActiveCfg = Release|Any CPU
		{B44689AC-66F1-BE15-2F8B-CB722E301827}.Release|Any CPU.Build.0 = Release|Any CPU
	EndGlobalSection
	GlobalSection(SolutionProperties) = preSolution
		HideSolutionNode = FALSE
	EndGlobalSection
	GlobalSection(MonoDevelopProperties) = preSolution
		StartupItem = Assembly-CSharp.csproj
	EndGlobalSection
EndGlobal
